# This file was autogenerated by Stack.
# You should not edit this file by hand.
# For more information, please see the documentation at:
#   https://docs.haskellstack.org/en/stable/lock_files

packages:
- completed:
    hackage: hashable-1.2.7.0@sha256:03b6836ca9cd3ad0e5a2f3cce989b001dd0e05f306a873db3196037adb30e0a4,5215
    pantry-tree:
      size: 1514
      sha256: 901c4f10bcf6bda842b849950a2767c918f4ed59fa8885f7c945dd6c7e763332
  original:
    hackage: hashable-1.2.7.0@sha256:03b6836ca9cd3ad0e5a2f3cce989b001dd0e05f306a873db3196037adb30e0a4,5215
- completed:
    hackage: sqlite-simple-0.4.18.0@sha256:3ceea56375c0a3590c814e411a4eb86943f8d31b93b110ca159c90689b6b39e5,3002
    pantry-tree:
      size: 1930
      sha256: e58b9955e483d51ee0966f8ba4384305d871480e2a38b32ee0fcd4573d74cf95
  original:
    hackage: sqlite-simple-0.4.18.0@sha256:3ceea56375c0a3590c814e411a4eb86943f8d31b93b110ca159c90689b6b39e5,3002
- completed:
    subdir: beam-core
    cabal-file:
      size: 5142
      sha256: 4bd5d95b81e181cfc9121d99725b9e9c9d6de38a40791332030d83388351714f
    name: beam-core
    version: 0.8.1.0
    git: https://github.com/tathougies/beam.git
    pantry-tree:
      size: 2838
      sha256: 0ef645dc54fb4a60ed7147ebf4bd4eeabe03051c27dd70981b39533583968e92
    commit: 1da6d3ffc7b3de072c21ad234b21ce602e1c8f49
  original:
    subdir: beam-core
    git: https://github.com/tathougies/beam.git
    commit: 1da6d3ffc7b3de072c21ad234b21ce602e1c8f49
- completed:
    subdir: beam-sqlite
    cabal-file:
      size: 2785
      sha256: d067859de705102e383291a118dab0b81466687c1160005467806683138a1de3
    name: beam-sqlite
    version: 0.4.0.0
    git: https://github.com/tathougies/beam.git
    pantry-tree:
      size: 859
      sha256: cf82754a4d82db12cf54970509f80da07509042f30d88086b12fc92ffc6bae97
    commit: 1da6d3ffc7b3de072c21ad234b21ce602e1c8f49
  original:
    subdir: beam-sqlite
    git: https://github.com/tathougies/beam.git
    commit: 1da6d3ffc7b3de072c21ad234b21ce602e1c8f49
- completed:
    subdir: beam-migrate
    cabal-file:
      size: 4920
      sha256: 9d819b2e251e6c7f9e7e3b6a1e2cc648d3014b59c54d6b6a95f35585e21b7e4e
    name: beam-migrate
    version: 0.4.0.1
    git: https://github.com/tathougies/beam.git
    pantry-tree:
      size: 1898
      sha256: cfbc972287f4c8f3c8ee1181a29b68323d153b29a9d9a8c452de3e691a563b76
    commit: 1da6d3ffc7b3de072c21ad234b21ce602e1c8f49
  original:
    subdir: beam-migrate
    git: https://github.com/tathougies/beam.git
    commit: 1da6d3ffc7b3de072c21ad234b21ce602e1c8f49
snapshots:
- completed:
    size: 524996
    url: https://raw.githubusercontent.com/commercialhaskell/stackage-snapshots/master/lts/14/27.yaml
    sha256: 7ea31a280c56bf36ff591a7397cc384d0dff622e7f9e4225b47d8980f019a0f0
  original: lts-14.27
